
Microsoft Visual Studio Solution File, Format Version 12.00
# Visual Studio Version 16
VisualStudioVersion = 16.0.32428.217
MinimumVisualStudioVersion = 10.0.40219.1
Project("{FAE04EC0-301F-11D3-BF4B-00C04F79EFBC}") = "Practice.BookStore", "Practice.BookStore\Practice.BookStore.csproj", "{3E5CE146-8634-4B3D-9C86-7530E5358115}"
EndProject
Global
	GlobalSection(SolutionConfigurationPlatforms) = preSolution
		Debug|Any CPU = Debug|Any CPU
		Release|Any CPU = Release|Any CPU
	EndGlobalSection
	GlobalSection(ProjectConfigurationPlatforms) = postSolution
		{3E5CE146-8634-4B3D-9C86-7530E5358115}.Debug|Any CPU.ActiveCfg = Debug|Any CPU
		{3E5CE146-8634-4B3D-9C86-7530E5358115}.Debug|Any CPU.Build.0 = Debug|Any CPU
		{3E5CE146-8634-4B3D-9C86-7530E5358115}.Release|Any CPU.ActiveCfg = Release|Any CPU
		{3E5CE146-8634-4B3D-9C86-7530E5358115}.Release|Any CPU.Build.0 = Release|Any CPU
	EndGlobalSection
	GlobalSection(SolutionProperties) = preSolution
		HideSolutionNode = FALSE
	EndGlobalSection
	GlobalSection(ExtensibilityGlobals) = postSolution
		SolutionGuid = {0A7F3D2E-EB54-45CE-A385-DA7233B28484}
	EndGlobalSection
EndGlobal
